
Microsoft Visual Studio Solution File, Format Version 12.00
# Visual Studio Version 17
VisualStudioVersion = 17.11.35327.3
MinimumVisualStudioVersion = 10.0.40219.1
Project("{8BC9CEB8-8B4A-11D0-8D11-00A0C91BC942}") = "6-huffman", "6-huffman\6-huffman.vcxproj", "{A23E0FB4-6B50-41CB-A726-AF36CB68203F}"
EndProject
Global
	GlobalSection(SolutionConfigurationPlatforms) = preSolution
		Debug|x64 = Debug|x64
		Debug|x86 = Debug|x86
		Release|x64 = Release|x64
		Release|x86 = Release|x86
	EndGlobalSection
	GlobalSection(ProjectConfigurationPlatforms) = postSolution
		{A23E0FB4-6B50-41CB-A726-AF36CB68203F}.Debug|x64.ActiveCfg = Debug|x64
		{A23E0FB4-6B50-41CB-A726-AF36CB68203F}.Debug|x64.Build.0 = Debug|x64
		{A23E0FB4-6B50-41CB-A726-AF36CB68203F}.Debug|x86.ActiveCfg = Debug|Win32
		{A23E0FB4-6B50-41CB-A726-AF36CB68203F}.Debug|x86.Build.0 = Debug|Win32
		{A23E0FB4-6B50-41CB-A726-AF36CB68203F}.Release|x64.ActiveCfg = Release|x64
		{A23E0FB4-6B50-41CB-A726-AF36CB68203F}.Release|x64.Build.0 = Release|x64
		{A23E0FB4-6B50-41CB-A726-AF36CB68203F}.Release|x86.ActiveCfg = Release|Win32
		{A23E0FB4-6B50-41CB-A726-AF36CB68203F}.Release|x86.Build.0 = Release|Win32
	EndGlobalSection
	GlobalSection(SolutionProperties) = preSolution
		HideSolutionNode = FALSE
	EndGlobalSection
	GlobalSection(ExtensibilityGlobals) = postSolution
		SolutionGuid = {54D1D120-C1A8-46FB-8324-7C8CCD651525}
	EndGlobalSection
EndGlobal
